
Microsoft Visual Studio Solution File, Format Version 12.00
# Visual Studio Version 16
VisualStudioVersion = 16.0.30717.126
MinimumVisualStudioVersion = 10.0.40219.1
Project("{FAE04EC0-301F-11D3-BF4B-00C04F79EFBC}") = "VanessaViolante", "VanessaViolante\VanessaViolante.csproj", "{47A4E3ED-3656-4FCF-B36A-A83635B22E5F}"
EndProject
Global
	GlobalSection(SolutionConfigurationPlatforms) = preSolution
		Debug|Any CPU = Debug|Any CPU
		Release|Any CPU = Release|Any CPU
	EndGlobalSection
	GlobalSection(ProjectConfigurationPlatforms) = postSolution
		{47A4E3ED-3656-4FCF-B36A-A83635B22E5F}.Debug|Any CPU.ActiveCfg = Debug|Any CPU
		{47A4E3ED-3656-4FCF-B36A-A83635B22E5F}.Debug|Any CPU.Build.0 = Debug|Any CPU
		{47A4E3ED-3656-4FCF-B36A-A83635B22E5F}.Release|Any CPU.ActiveCfg = Release|Any CPU
		{47A4E3ED-3656-4FCF-B36A-A83635B22E5F}.Release|Any CPU.Build.0 = Release|Any CPU
	EndGlobalSection
	GlobalSection(SolutionProperties) = preSolution
		HideSolutionNode = FALSE
	EndGlobalSection
	GlobalSection(ExtensibilityGlobals) = postSolution
		SolutionGuid = {C6A689DB-5DED-4FCA-8C2D-DDF24F83F425}
	EndGlobalSection
EndGlobal
